// !$*UTF8*$!
{
	archiveVersion = 1;
	classes = {
	};
	objectVersion = 46;
	objects = {

/* Begin PBXBuildFile section */
		7A4C47581EDE941100ED66B3 /* main.m in Sources */ = {isa = PBXBuildFile; fileRef = 7A4C47571EDE941100ED66B3 /* main.m */; };
		7A4C475B1EDE941100ED66B3 /* AppDelegate.m in Sources */ = {isa = PBXBuildFile; fileRef = 7A4C475A1EDE941100ED66B3 /* AppDelegate.m */; };
		7A4C475E1EDE941100ED66B3 /* ViewController.m in Sources */ = {isa = PBXBuildFile; fileRef = 7A4C475D1EDE941100ED66B3 /* ViewController.m */; };
		7A4C47611EDE941100ED66B3 /* Main.storyboard in Resources */ = {isa = PBXBuildFile; fileRef = 7A4C475F1EDE941100ED66B3 /* Main.storyboard */; };
		7A4C47631EDE941100ED66B3 /* Assets.xcassets in Resources */ = {isa = PBXBuildFile; fileRef = 7A4C47621EDE941100ED66B3 /* Assets.xcassets */; };
		7A4C47661EDE941100ED66B3 /* LaunchScreen.storyboard in Resources */ = {isa = PBXBuildFile; fileRef = 7A4C47641EDE941100ED66B3 /* LaunchScreen.storyboard */; };
		7A4C47711EDE941100ED66B3 /* SafeBoxExampleTests.m in Sources */ = {isa = PBXBuildFile; fileRef = 7A4C47701EDE941100ED66B3 /* SafeBoxExampleTests.m */; };
		7A4C477C1EDE941100ED66B3 /* SafeBoxExampleUITests.m in Sources */ = {isa = PBXBuildFile; fileRef = 7A4C477B1EDE941100ED66B3 /* SafeBoxExampleUITests.m */; };
		7A4C478C1EDE94F700ED66B3 /* NSObject+Swizzle.m in Sources */ = {isa = PBXBuildFile; fileRef = 7A4C478B1EDE94F700ED66B3 /* NSObject+Swizzle.m */; };
		7A4C478F1EDE994D00ED66B3 /* NSArray+SafeBox.m in Sources */ = {isa = PBXBuildFile; fileRef = 7A4C478E1EDE994D00ED66B3 /* NSArray+SafeBox.m */; };
		7A4C47921EDE9CF000ED66B3 /* NSMutableArray+SafeBox.m in Sources */ = {isa = PBXBuildFile; fileRef = 7A4C47911EDE9CF000ED66B3 /* NSMutableArray+SafeBox.m */; };
		7A4C47951EDE9E6000ED66B3 /* NSDictionary+SafeBox.m in Sources */ = {isa = PBXBuildFile; fileRef = 7A4C47941EDE9E6000ED66B3 /* NSDictionary+SafeBox.m */; };
		7A4C47981EDE9ECC00ED66B3 /* NSMutableDictionary+SafeBox.m in Sources */ = {isa = PBXBuildFile; fileRef = 7A4C47971EDE9ECC00ED66B3 /* NSMutableDictionary+SafeBox.m */; };
/* End PBXBuildFile section */

/* Begin PBXContainerItemProxy section */
		7A4C476D1EDE941100ED66B3 /* PBXContainerItemProxy */ = {
			isa = PBXContainerItemProxy;
			containerPortal = 7A4C474B1EDE941100ED66B3 /* Project object */;
			proxyType = 1;
			remoteGlobalIDString = 7A4C47521EDE941100ED66B3;
			remoteInfo = SafeBoxExample;
		};
		7A4C47781EDE941100ED66B3 /* PBXContainerItemProxy */ = {
			isa = PBXContainerItemProxy;
			containerPortal = 7A4C474B1EDE941100ED66B3 /* Project object */;
			proxyType = 1;
			remoteGlobalIDString = 7A4C47521EDE941100ED66B3;
			remoteInfo = SafeBoxExample;
		};
/* End PBXContainerItemProxy section */

/* Begin PBXFileReference section */
		7A4C47531EDE941100ED66B3 /* SafeBoxExample.app */ = {isa = PBXFileReference; explicitFileType = wrapper.application; includeInIndex = 0; path = SafeBoxExample.app; sourceTree = BUILT_PRODUCTS_DIR; };
		7A4C47571EDE941100ED66B3 /* main.m */ = {isa = PBXFileReference; lastKnownFileType = sourcecode.c.objc; path = main.m; sourceTree = "<group>"; };
		7A4C47591EDE941100ED66B3 /* AppDelegate.h */ = {isa = PBXFileReference; lastKnownFileType = sourcecode.c.h; path = AppDelegate.h; sourceTree = "<group>"; };
		7A4C475A1EDE941100ED66B3 /* AppDelegate.m */ = {isa = PBXFileReference; lastKnownFileType = sourcecode.c.objc; path = AppDelegate.m; sourceTree = "<group>"; };
		7A4C475C1EDE941100ED66B3 /* ViewController.h */ = {isa = PBXFileReference; lastKnownFileType = sourcecode.c.h; path = ViewController.h; sourceTree = "<group>"; };
		7A4C475D1EDE941100ED66B3 /* ViewController.m */ = {isa = PBXFileReference; lastKnownFileType = sourcecode.c.objc; path = ViewController.m; sourceTree = "<group>"; };
		7A4C47601EDE941100ED66B3 /* Base */ = {isa = PBXFileReference; lastKnownFileType = file.storyboard; name = Base; path = Base.lproj/Main.storyboard; sourceTree = "<group>"; };
		7A4C47621EDE941100ED66B3 /* Assets.xcassets */ = {isa = PBXFileReference; lastKnownFileType = folder.assetcatalog; path = Assets.xcassets; sourceTree = "<group>"; };
		7A4C47651EDE941100ED66B3 /* Base */ = {isa = PBXFileReference; lastKnownFileType = file.storyboard; name = Base; path = Base.lproj/LaunchScreen.storyboard; sourceTree = "<group>"; };
		7A4C47671EDE941100ED66B3 /* Info.plist */ = {isa = PBXFileReference; lastKnownFileType = text.plist.xml; path = Info.plist; sourceTree = "<group>"; };
		7A4C476C1EDE941100ED66B3 /* SafeBoxExampleTests.xctest */ = {isa = PBXFileReference; explicitFileType = wrapper.cfbundle; includeInIndex = 0; path = SafeBoxExampleTests.xctest; sourceTree = BUILT_PRODUCTS_DIR; };
		7A4C47701EDE941100ED66B3 /* SafeBoxExampleTests.m */ = {isa = PBXFileReference; lastKnownFileType = sourcecode.c.objc; path = SafeBoxExampleTests.m; sourceTree = "<group>"; };
		7A4C47721EDE941100ED66B3 /* Info.plist */ = {isa = PBXFileReference; lastKnownFileType = text.plist.xml; path = Info.plist; sourceTree = "<group>"; };
		7A4C47771EDE941100ED66B3 /* SafeBoxExampleUITests.xctest */ = {isa = PBXFileReference; explicitFileType = wrapper.cfbundle; includeInIndex = 0; path = SafeBoxExampleUITests.xctest; sourceTree = BUILT_PRODUCTS_DIR; };
		7A4C477B1EDE941100ED66B3 /* SafeBoxExampleUITests.m */ = {isa = PBXFileReference; lastKnownFileType = sourcecode.c.objc; path = SafeBoxExampleUITests.m; sourceTree = "<group>"; };
		7A4C477D1EDE941100ED66B3 /* Info.plist */ = {isa = PBXFileReference; lastKnownFileType = text.plist.xml; path = Info.plist; sourceTree = "<group>"; };
		7A4C478A1EDE94F700ED66B3 /* NSObject+Swizzle.h */ = {isa = PBXFileReference; fileEncoding = 4; lastKnownFileType = sourcecode.c.h; path = "NSObject+Swizzle.h"; sourceTree = "<group>"; };
		7A4C478B1EDE94F700ED66B3 /* NSObject+Swizzle.m */ = {isa = PBXFileReference; fileEncoding = 4; lastKnownFileType = sourcecode.c.objc; path = "NSObject+Swizzle.m"; sourceTree = "<group>"; };
		7A4C478D1EDE994D00ED66B3 /* NSArray+SafeBox.h */ = {isa = PBXFileReference; fileEncoding = 4; lastKnownFileType = sourcecode.c.h; path = "NSArray+SafeBox.h"; sourceTree = "<group>"; };
		7A4C478E1EDE994D00ED66B3 /* NSArray+SafeBox.m */ = {isa = PBXFileReference; fileEncoding = 4; lastKnownFileType = sourcecode.c.objc; path = "NSArray+SafeBox.m"; sourceTree = "<group>"; };
		7A4C47901EDE9CF000ED66B3 /* NSMutableArray+SafeBox.h */ = {isa = PBXFileReference; fileEncoding = 4; lastKnownFileType = sourcecode.c.h; path = "NSMutableArray+SafeBox.h"; sourceTree = "<group>"; };
		7A4C47911EDE9CF000ED66B3 /* NSMutableArray+SafeBox.m */ = {isa = PBXFileReference; fileEncoding = 4; lastKnownFileType = sourcecode.c.objc; path = "NSMutableArray+SafeBox.m"; sourceTree = "<group>"; };
		7A4C47931EDE9E6000ED66B3 /* NSDictionary+SafeBox.h */ = {isa = PBXFileReference; fileEncoding = 4; lastKnownFileType = sourcecode.c.h; path = "NSDictionary+SafeBox.h"; sourceTree = "<group>"; };
		7A4C47941EDE9E6000ED66B3 /* NSDictionary+SafeBox.m */ = {isa = PBXFileReference; fileEncoding = 4; lastKnownFileType = sourcecode.c.objc; path = "NSDictionary+SafeBox.m"; sourceTree = "<group>"; };
		7A4C47961EDE9ECC00ED66B3 /* NSMutableDictionary+SafeBox.h */ = {isa = PBXFileReference; fileEncoding = 4; lastKnownFileType = sourcecode.c.h; path = "NSMutableDictionary+SafeBox.h"; sourceTree = "<group>"; };
		7A4C47971EDE9ECC00ED66B3 /* NSMutableDictionary+SafeBox.m */ = {isa = PBXFileReference; fileEncoding = 4; lastKnownFileType = sourcecode.c.objc; path = "NSMutableDictionary+SafeBox.m"; sourceTree = "<group>"; };
		7A763A361EDFAA56009DB9FB /* SafeBox.h */ = {isa = PBXFileReference; lastKnownFileType = sourcecode.c.h; path = SafeBox.h; sourceTree = "<group>"; };
/* End PBXFileReference section */

/* Begin PBXFrameworksBuildPhase section */
		7A4C47501EDE941100ED66B3 /* Frameworks */ = {
			isa = PBXFrameworksBuildPhase;
			buildActionMask = 2147483647;
			files = (
			);
			runOnlyForDeploymentPostprocessing = 0;
		};
		7A4C47691EDE941100ED66B3 /* Frameworks */ = {
			isa = PBXFrameworksBuildPhase;
			buildActionMask = 2147483647;
			files = (
			);
			runOnlyForDeploymentPostprocessing = 0;
		};
		7A4C47741EDE941100ED66B3 /* Frameworks */ = {
			isa = PBXFrameworksBuildPhase;
			buildActionMask = 2147483647;
			files = (
			);
			runOnlyForDeploymentPostprocessing = 0;
		};
/* End PBXFrameworksBuildPhase section */

/* Begin PBXGroup section */
		7A4C474A1EDE941100ED66B3 = {
			isa = PBXGroup;
			children = (
				7A4C47891EDE945600ED66B3 /* SafeBox */,
				7A4C47551EDE941100ED66B3 /* SafeBoxExample */,
				7A4C476F1EDE941100ED66B3 /* SafeBoxExampleTests */,
				7A4C477A1EDE941100ED66B3 /* SafeBoxExampleUITests */,
				7A4C47541EDE941100ED66B3 /* Products */,
			);
			sourceTree = "<group>";
		};
		7A4C47541EDE941100ED66B3 /* Products */ = {
			isa = PBXGroup;
			children = (
				7A4C47531EDE941100ED66B3 /* SafeBoxExample.app */,
				7A4C476C1EDE941100ED66B3 /* SafeBoxExampleTests.xctest */,
				7A4C47771EDE941100ED66B3 /* SafeBoxExampleUITests.xctest */,
			);
			name = Products;
			sourceTree = "<group>";
		};
		7A4C47551EDE941100ED66B3 /* SafeBoxExample */ = {
			isa = PBXGroup;
			children = (
				7A4C47591EDE941100ED66B3 /* AppDelegate.h */,
				7A4C475A1EDE941100ED66B3 /* AppDelegate.m */,
				7A4C475C1EDE941100ED66B3 /* ViewController.h */,
				7A4C475D1EDE941100ED66B3 /* ViewController.m */,
				7A4C475F1EDE941100ED66B3 /* Main.storyboard */,
				7A4C47621EDE941100ED66B3 /* Assets.xcassets */,
				7A4C47641EDE941100ED66B3 /* LaunchScreen.storyboard */,
				7A4C47671EDE941100ED66B3 /* Info.plist */,
				7A4C47561EDE941100ED66B3 /* Supporting Files */,
			);
			path = SafeBoxExample;
			sourceTree = "<group>";
		};
		7A4C47561EDE941100ED66B3 /* Supporting Files */ = {
			isa = PBXGroup;
			children = (
				7A4C47571EDE941100ED66B3 /* main.m */,
			);
			name = "Supporting Files";
			sourceTree = "<group>";
		};
		7A4C476F1EDE941100ED66B3 /* SafeBoxExampleTests */ = {
			isa = PBXGroup;
			children = (
				7A4C47701EDE941100ED66B3 /* SafeBoxExampleTests.m */,
				7A4C47721EDE941100ED66B3 /* Info.plist */,
			);
			path = SafeBoxExampleTests;
			sourceTree = "<group>";
		};
		7A4C477A1EDE941100ED66B3 /* SafeBoxExampleUITests */ = {
			isa = PBXGroup;
			children = (
				7A4C477B1EDE941100ED66B3 /* SafeBoxExampleUITests.m */,
				7A4C477D1EDE941100ED66B3 /* Info.plist */,
			);
			path = SafeBoxExampleUITests;
			sourceTree = "<group>";
		};
		7A4C47891EDE945600ED66B3 /* SafeBox */ = {
			isa = PBXGroup;
			children = (
				7A4C478A1EDE94F700ED66B3 /* NSObject+Swizzle.h */,
				7A4C478B1EDE94F700ED66B3 /* NSObject+Swizzle.m */,
				7A4C478D1EDE994D00ED66B3 /* NSArray+SafeBox.h */,
				7A4C478E1EDE994D00ED66B3 /* NSArray+SafeBox.m */,
				7A4C47901EDE9CF000ED66B3 /* NSMutableArray+SafeBox.h */,
				7A4C47911EDE9CF000ED66B3 /* NSMutableArray+SafeBox.m */,
				7A4C47931EDE9E6000ED66B3 /* NSDictionary+SafeBox.h */,
				7A4C47941EDE9E6000ED66B3 /* NSDictionary+SafeBox.m */,
				7A4C47961EDE9ECC00ED66B3 /* NSMutableDictionary+SafeBox.h */,
				7A4C47971EDE9ECC00ED66B3 /* NSMutableDictionary+SafeBox.m */,
				7A763A361EDFAA56009DB9FB /* SafeBox.h */,
			);
			path = SafeBox;
			sourceTree = "<group>";
		};
/* End PBXGroup section */

/* Begin PBXNativeTarget section */
		7A4C47521EDE941100ED66B3 /* SafeBoxExample */ = {
			isa = PBXNativeTarget;
			buildConfigurationList = 7A4C47801EDE941100ED66B3 /* Build configuration list for PBXNativeTarget "SafeBoxExample" */;
			buildPhases = (
				7A4C474F1EDE941100ED66B3 /* Sources */,
				7A4C47501EDE941100ED66B3 /* Frameworks */,
				7A4C47511EDE941100ED66B3 /* Resources */,
			);
			buildRules = (
			);
			dependencies = (
			);
			name = SafeBoxExample;
			productName = SafeBoxExample;
			productReference = 7A4C47531EDE941100ED66B3 /* SafeBoxExample.app */;
			productType = "com.apple.product-type.application";
		};
		7A4C476B1EDE941100ED66B3 /* SafeBoxExampleTests */ = {
			isa = PBXNativeTarget;
			buildConfigurationList = 7A4C47831EDE941100ED66B3 /* Build configuration list for PBXNativeTarget "SafeBoxExampleTests" */;
			buildPhases = (
				7A4C47681EDE941100ED66B3 /* Sources */,
				7A4C47691EDE941100ED66B3 /* Frameworks */,
				7A4C476A1EDE941100ED66B3 /* Resources */,
			);
			buildRules = (
			);
			dependencies = (
				7A4C476E1EDE941100ED66B3 /* PBXTargetDependency */,
			);
			name = SafeBoxExampleTests;
			productName = SafeBoxExampleTests;
			productReference = 7A4C476C1EDE941100ED66B3 /* SafeBoxExampleTests.xctest */;
			productType = "com.apple.product-type.bundle.unit-test";
		};
		7A4C47761EDE941100ED66B3 /* SafeBoxExampleUITests */ = {
			isa = PBXNativeTarget;
			buildConfigurationList = 7A4C47861EDE941100ED66B3 /* Build configuration list for PBXNativeTarget "SafeBoxExampleUITests" */;
			buildPhases = (
				7A4C47731EDE941100ED66B3 /* Sources */,
				7A4C47741EDE941100ED66B3 /* Frameworks */,
				7A4C47751EDE941100ED66B3 /* Resources */,
			);
			buildRules = (
			);
			dependencies = (
				7A4C47791EDE941100ED66B3 /* PBXTargetDependency */,
			);
			name = SafeBoxExampleUITests;
			productName = SafeBoxExampleUITests;
			productReference = 7A4C47771EDE941100ED66B3 /* SafeBoxExampleUITests.xctest */;
			productType = "com.apple.product-type.bundle.ui-testing";
		};
/* End PBXNativeTarget section */

/* Begin PBXProject section */
		7A4C474B1EDE941100ED66B3 /* Project object */ = {
			isa = PBXProject;
			attributes = {
				LastUpgradeCheck = 0830;
				ORGANIZATIONNAME = miaoshichang;
				TargetAttributes = {
					7A4C47521EDE941100ED66B3 = {
						CreatedOnToolsVersion = 8.3.2;
						DevelopmentTeam = 8LY6NAUZ53;
						ProvisioningStyle = Automatic;
					};
					7A4C476B1EDE941100ED66B3 = {
						CreatedOnToolsVersion = 8.3.2;
						DevelopmentTeam = 8LY6NAUZ53;
						ProvisioningStyle = Automatic;
						TestTargetID = 7A4C47521EDE941100ED66B3;
					};
					7A4C47761EDE941100ED66B3 = {
						CreatedOnToolsVersion = 8.3.2;
						DevelopmentTeam = 8LY6NAUZ53;
						ProvisioningStyle = Automatic;
						TestTargetID = 7A4C47521EDE941100ED66B3;
					};
				};
			};
			buildConfigurationList = 7A4C474E1EDE941100ED66B3 /* Build configuration list for PBXProject "SafeBoxExample" */;
			compatibilityVersion = "Xcode 3.2";
			developmentRegion = English;
			hasScannedForEncodings = 0;
			knownRegions = (
				en,
				Base,
			);
			mainGroup = 7A4C474A1EDE941100ED66B3;
			productRefGroup = 7A4C47541EDE941100ED66B3 /* Products */;
			projectDirPath = "";
			projectRoot = "";
			targets = (
				7A4C47521EDE941100ED66B3 /* SafeBoxExample */,
				7A4C476B1EDE941100ED66B3 /* SafeBoxExampleTests */,
				7A4C47761EDE941100ED66B3 /* SafeBoxExampleUITests */,
			);
		};
/* End PBXProject section */

/* Begin PBXResourcesBuildPhase section */
		7A4C47511EDE941100ED66B3 /* Resources */ = {
			isa = PBXResourcesBuildPhase;
			buildActionMask = 2147483647;
			files = (
				7A4C47661EDE941100ED66B3 /* LaunchScreen.storyboard in Resources */,
				7A4C47631EDE941100ED66B3 /* Assets.xcassets in Resources */,
				7A4C47611EDE941100ED66B3 /* Main.storyboard in Resources */,
			);
			runOnlyForDeploymentPostprocessing = 0;
		};
		7A4C476A1EDE941100ED66B3 /* Resources */ = {
			isa = PBXResourcesBuildPhase;
			buildActionMask = 2147483647;
			files = (
			);
			runOnlyForDeploymentPostprocessing = 0;
		};
		7A4C47751EDE941100ED66B3 /* Resources */ = {
			isa = PBXResourcesBuildPhase;
			buildActionMask = 2147483647;
			files = (
			);
			runOnlyForDeploymentPostprocessing = 0;
		};
/* End PBXResourcesBuildPhase section */

/* Begin PBXSourcesBuildPhase section */
		7A4C474F1EDE941100ED66B3 /* Sources */ = {
			isa = PBXSourcesBuildPhase;
			buildActionMask = 2147483647;
			files = (
				7A4C47921EDE9CF000ED66B3 /* NSMutableArray+SafeBox.m in Sources */,
				7A4C478C1EDE94F700ED66B3 /* NSObject+Swizzle.m in Sources */,
				7A4C478F1EDE994D00ED66B3 /* NSArray+SafeBox.m in Sources */,
				7A4C475E1EDE941100ED66B3 /* ViewController.m in Sources */,
				7A4C47981EDE9ECC00ED66B3 /* NSMutableDictionary+SafeBox.m in Sources */,
				7A4C475B1EDE941100ED66B3 /* AppDelegate.m in Sources */,
				7A4C47951EDE9E6000ED66B3 /* NSDictionary+SafeBox.m in Sources */,
				7A4C47581EDE941100ED66B3 /* main.m in Sources */,
			);
			runOnlyForDeploymentPostprocessing = 0;
		};
		7A4C47681EDE941100ED66B3 /* Sources */ = {
			isa = PBXSourcesBuildPhase;
			buildActionMask = 2147483647;
			files = (
				7A4C47711EDE941100ED66B3 /* SafeBoxExampleTests.m in Sources */,
			);
			runOnlyForDeploymentPostprocessing = 0;
		};
		7A4C47731EDE941100ED66B3 /* Sources */ = {
			isa = PBXSourcesBuildPhase;
			buildActionMask = 2147483647;
			files = (
				7A4C477C1EDE941100ED66B3 /* SafeBoxExampleUITests.m in Sources */,
			);
			runOnlyForDeploymentPostprocessing = 0;
		};
/* End PBXSourcesBuildPhase section */

/* Begin PBXTargetDependency section */
		7A4C476E1EDE941100ED66B3 /* PBXTargetDependency */ = {
			isa = PBXTargetDependency;
			target = 7A4C47521EDE941100ED66B3 /* SafeBoxExample */;
			targetProxy = 7A4C476D1EDE941100ED66B3 /* PBXContainerItemProxy */;
		};
		7A4C47791EDE941100ED66B3 /* PBXTargetDependency */ = {
			isa = PBXTargetDependency;
			target = 7A4C47521EDE941100ED66B3 /* SafeBoxExample */;
			targetProxy = 7A4C47781EDE941100ED66B3 /* PBXContainerItemProxy */;
		};
/* End PBXTargetDependency section */

/* Begin PBXVariantGroup section */
		7A4C475F1EDE941100ED66B3 /* Main.storyboard */ = {
			isa = PBXVariantGroup;
			children = (
				7A4C47601EDE941100ED66B3 /* Base */,
			);
			name = Main.storyboard;
			sourceTree = "<group>";
		};
		7A4C47641EDE941100ED66B3 /* LaunchScreen.storyboard */ = {
			isa = PBXVariantGroup;
			children = (
				7A4C47651EDE941100ED66B3 /* Base */,
			);
			name = LaunchScreen.storyboard;
			sourceTree = "<group>";
		};
/* End PBXVariantGroup section */

/* Begin XCBuildConfiguration section */
		7A4C477E1EDE941100ED66B3 /* Debug */ = {
			isa = XCBuildConfiguration;
			buildSettings = {
				ALWAYS_SEARCH_USER_PATHS = NO;
				CLANG_ANALYZER_NONNULL = YES;
				CLANG_ANALYZER_NUMBER_OBJECT_CONVERSION = YES_AGGRESSIVE;
				CLANG_CXX_LANGUAGE_STANDARD = "gnu++0x";
				CLANG_CXX_LIBRARY = "libc++";
				CLANG_ENABLE_MODULES = YES;
				CLANG_ENABLE_OBJC_ARC = YES;
				CLANG_WARN_BOOL_CONVERSION = YES;
				CLANG_WARN_CONSTANT_CONVERSION = YES;
				CLANG_WARN_DIRECT_OBJC_ISA_USAGE = YES_ERROR;
				CLANG_WARN_DOCUMENTATION_COMMENTS = YES;
				CLANG_WARN_EMPTY_BODY = YES;
				CLANG_WARN_ENUM_CONVERSION = YES;
				CLANG_WARN_INFINITE_RECURSION = YES;
				CLANG_WARN_INT_CONVERSION = YES;
				CLANG_WARN_OBJC_ROOT_CLASS = YES_ERROR;
				CLANG_WARN_SUSPICIOUS_MOVE = YES;
				CLANG_WARN_UNREACHABLE_CODE = YES;
				CLANG_WARN__DUPLICATE_METHOD_MATCH = YES;
				"CODE_SIGN_IDENTITY[sdk=iphoneos*]" = "iPhone Developer";
				COPY_PHASE_STRIP = NO;
				DEBUG_INFORMATION_FORMAT = dwarf;
				ENABLE_STRICT_OBJC_MSGSEND = YES;
				ENABLE_TESTABILITY = YES;
				GCC_C_LANGUAGE_STANDARD = gnu99;
				GCC_DYNAMIC_NO_PIC = NO;
				GCC_NO_COMMON_BLOCKS = YES;
				GCC_OPTIMIZATION_LEVEL = 0;
				GCC_PREPROCESSOR_DEFINITIONS = (
					"DEBUG=1",
					"$(inherited)",
				);
				GCC_WARN_64_TO_32_BIT_CONVERSION = YES;
				GCC_WARN_ABOUT_RETURN_TYPE = YES_ERROR;
				GCC_WARN_UNDECLARED_SELECTOR = YES;
				GCC_WARN_UNINITIALIZED_AUTOS = YES_AGGRESSIVE;
				GCC_WARN_UNUSED_FUNCTION = YES;
				GCC_WARN_UNUSED_VARIABLE = YES;
				IPHONEOS_DEPLOYMENT_TARGET = 10.3;
				MTL_ENABLE_DEBUG_INFO = YES;
				ONLY_ACTIVE_ARCH = YES;
				SDKROOT = iphoneos;
				TARGETED_DEVICE_FAMILY = "1,2";
			};
			name = Debug;
		};
		7A4C477F1EDE941100ED66B3 /* Release */ = {
			isa = XCBuildConfiguration;
			buildSettings = {
				ALWAYS_SEARCH_USER_PATHS = NO;
				CLANG_ANALYZER_NONNULL = YES;
				CLANG_ANALYZER_NUMBER_OBJECT_CONVERSION = YES_AGGRESSIVE;
				CLANG_CXX_LANGUAGE_STANDARD = "gnu++0x";
				CLANG_CXX_LIBRARY = "libc++";
				CLANG_ENABLE_MODULES = YES;
				CLANG_ENABLE_OBJC_ARC = YES;
				CLANG_WARN_BOOL_CONVERSION = YES;
				CLANG_WARN_CONSTANT_CONVERSION = YES;
				CLANG_WARN_DIRECT_OBJC_ISA_USAGE = YES_ERROR;
				CLANG_WARN_DOCUMENTATION_COMMENTS = YES;
				CLANG_WARN_EMPTY_BODY = YES;
				CLANG_WARN_ENUM_CONVERSION = YES;
				CLANG_WARN_INFINITE_RECURSION = YES;
				CLANG_WARN_INT_CONVERSION = YES;
				CLANG_WARN_OBJC_ROOT_CLASS = YES_ERROR;
				CLANG_WARN_SUSPICIOUS_MOVE = YES;
				CLANG_WARN_UNREACHABLE_CODE = YES;
				CLANG_WARN__DUPLICATE_METHOD_MATCH = YES;
				"CODE_SIGN_IDENTITY[sdk=iphoneos*]" = "iPhone Developer";
				COPY_PHASE_STRIP = NO;
				DEBUG_INFORMATION_FORMAT = "dwarf-with-dsym";
				ENABLE_NS_ASSERTIONS = NO;
				ENABLE_STRICT_OBJC_MSGSEND = YES;
				GCC_C_LANGUAGE_STANDARD = gnu99;
				GCC_NO_COMMON_BLOCKS = YES;
				GCC_WARN_64_TO_32_BIT_CONVERSION = YES;
				GCC_WARN_ABOUT_RETURN_TYPE = YES_ERROR;
				GCC_WARN_UNDECLARED_SELECTOR = YES;
				GCC_WARN_UNINITIALIZED_AUTOS = YES_AGGRESSIVE;
				GCC_WARN_UNUSED_FUNCTION = YES;
				GCC_WARN_UNUSED_VARIABLE = YES;
				IPHONEOS_DEPLOYMENT_TARGET = 10.3;
				MTL_ENABLE_DEBUG_INFO = NO;
				SDKROOT = iphoneos;
				TARGETED_DEVICE_FAMILY = "1,2";
				VALIDATE_PRODUCT = YES;
			};
			name = Release;
		};
		7A4C47811EDE941100ED66B3 /* Debug */ = {
			isa = XCBuildConfiguration;
			buildSettings = {
				ASSETCATALOG_COMPILER_APPICON_NAME = AppIcon;
				DEVELOPMENT_TEAM = 8LY6NAUZ53;
				INFOPLIST_FILE = SafeBoxExample/Info.plist;
				LD_RUNPATH_SEARCH_PATHS = "$(inherited) @executable_path/Frameworks";
				PRODUCT_BUNDLE_IDENTIFIER = com.360che.SafeBox;
				PRODUCT_NAME = "$(TARGET_NAME)";
			};
			name = Debug;
		};
		7A4C47821EDE941100ED66B3 /* Release */ = {
			isa = XCBuildConfiguration;
			buildSettings = {
				ASSETCATALOG_COMPILER_APPICON_NAME = AppIcon;
				DEVELOPMENT_TEAM = 8LY6NAUZ53;
				INFOPLIST_FILE = SafeBoxExample/Info.plist;
				LD_RUNPATH_SEARCH_PATHS = "$(inherited) @executable_path/Frameworks";
				PRODUCT_BUNDLE_IDENTIFIER = com.360che.SafeBox;
				PRODUCT_NAME = "$(TARGET_NAME)";
			};
			name = Release;
		};
		7A4C47841EDE941100ED66B3 /* Debug */ = {
			isa = XCBuildConfiguration;
			buildSettings = {
				BUNDLE_LOADER = "$(TEST_HOST)";
				DEVELOPMENT_TEAM = 8LY6NAUZ53;
				INFOPLIST_FILE = SafeBoxExampleTests/Info.plist;
				LD_RUNPATH_SEARCH_PATHS = "$(inherited) @executable_path/Frameworks @loader_path/Frameworks";
				PRODUCT_BUNDLE_IDENTIFIER = com.360che.SafeBox.SafeBoxExampleTests;
				PRODUCT_NAME = "$(TARGET_NAME)";
				TEST_HOST = "$(BUILT_PRODUCTS_DIR)/SafeBoxExample.app/SafeBoxExample";
			};
			name = Debug;
		};
		7A4C47851EDE941100ED66B3 /* Release */ = {
			isa = XCBuildConfiguration;
			buildSettings = {
				BUNDLE_LOADER = "$(TEST_HOST)";
				DEVELOPMENT_TEAM = 8LY6NAUZ53;
				INFOPLIST_FILE = SafeBoxExampleTests/Info.plist;
				LD_RUNPATH_SEARCH_PATHS = "$(inherited) @executable_path/Frameworks @loader_path/Frameworks";
				PRODUCT_BUNDLE_IDENTIFIER = com.360che.SafeBox.SafeBoxExampleTests;
				PRODUCT_NAME = "$(TARGET_NAME)";
				TEST_HOST = "$(BUILT_PRODUCTS_DIR)/SafeBoxExample.app/SafeBoxExample";
			};
			name = Release;
		};
		7A4C47871EDE941100ED66B3 /* Debug */ = {
			isa = XCBuildConfiguration;
			buildSettings = {
				DEVELOPMENT_TEAM = 8LY6NAUZ53;
				INFOPLIST_FILE = SafeBoxExampleUITests/Info.plist;
				LD_RUNPATH_SEARCH_PATHS = "$(inherited) @executable_path/Frameworks @loader_path/Frameworks";
				PRODUCT_BUNDLE_IDENTIFIER = com.360che.SafeBox.SafeBoxExampleUITests;
				PRODUCT_NAME = "$(TARGET_NAME)";
				TEST_TARGET_NAME = SafeBoxExample;
			};
			name = Debug;
		};
		7A4C47881EDE941100ED66B3 /* Release */ = {
			isa = XCBuildConfiguration;
			buildSettings = {
				DEVELOPMENT_TEAM = 8LY6NAUZ53;
				INFOPLIST_FILE = SafeBoxExampleUITests/Info.plist;
				LD_RUNPATH_SEARCH_PATHS = "$(inherited) @executable_path/Frameworks @loader_path/Frameworks";
				PRODUCT_BUNDLE_IDENTIFIER = com.360che.SafeBox.SafeBoxExampleUITests;
				PRODUCT_NAME = "$(TARGET_NAME)";
				TEST_TARGET_NAME = SafeBoxExample;
			};
			name = Release;
		};
/* End XCBuildConfiguration section */

/* Begin XCConfigurationList section */
		7A4C474E1EDE941100ED66B3 /* Build configuration list for PBXProject "SafeBoxExample" */ = {
			isa = XCConfigurationList;
			buildConfigurations = (
				7A4C477E1EDE941100ED66B3 /* Debug */,
				7A4C477F1EDE941100ED66B3 /* Release */,
			);
			defaultConfigurationIsVisible = 0;
			defaultConfigurationName = Release;
		};
		7A4C47801EDE941100ED66B3 /* Build configuration list for PBXNativeTarget "SafeBoxExample" */ = {
			isa = XCConfigurationList;
			buildConfigurations = (
				7A4C47811EDE941100ED66B3 /* Debug */,
				7A4C47821EDE941100ED66B3 /* Release */,
			);
			defaultConfigurationIsVisible = 0;
			defaultConfigurationName = Release;
		};
		7A4C47831EDE941100ED66B3 /* Build configuration list for PBXNativeTarget "SafeBoxExampleTests" */ = {
			isa = XCConfigurationList;
			buildConfigurations = (
				7A4C47841EDE941100ED66B3 /* Debug */,
				7A4C47851EDE941100ED66B3 /* Release */,
			);
			defaultConfigurationIsVisible = 0;
			defaultConfigurationName = Release;
		};
		7A4C47861EDE941100ED66B3 /* Build configuration list for PBXNativeTarget "SafeBoxExampleUITests" */ = {
			isa = XCConfigurationList;
			buildConfigurations = (
				7A4C47871EDE941100ED66B3 /* Debug */,
				7A4C47881EDE941100ED66B3 /* Release */,
			);
			defaultConfigurationIsVisible = 0;
			defaultConfigurationName = Release;
		};
/* End XCConfigurationList section */
	};
	rootObject = 7A4C474B1EDE941100ED66B3 /* Project object */;
}
